PODS:
  - Nimble (7.3.3)
  - Quick (1.3.2)

DEPENDENCIES:
  - Nimble
  - Quick

SPEC REPOS:
  https://github.com/cocoapods/specs.git:
    - Nimble
    - Quick

SPEC CHECKSUMS:
  Nimble: 3b434b1e7d0a92603a13550a82880b0d952f518e
  Quick: 2623cb30d7a7f41ca62f684f679586558f483d46

PODFILE CHECKSUM: 49e8cfdec223aa9617910ab2f280d73d04dc1c6e

COCOAPODS: 1.5.3
